
Microsoft Visual Studio Solution File, Format Version 10.00
# Visual Studio 2008
Project("{8BC9CEB8-8B4A-11D0-8D11-00A0C91BC942}") = "Test", "Test.vcproj", "{BCBF3DF0-724D-4727-A424-2161BA1F84CE}"
EndProject
Global
	GlobalSection(SolutionConfigurationPlatforms) = preSolution
		Debug|Win32 = Debug|Win32
		Release|Win32 = Release|Win32
	EndGlobalSection
	GlobalSection(ProjectConfigurationPlatforms) = postSolution
		{BCBF3DF0-724D-4727-A424-2161BA1F84CE}.Debug|Win32.ActiveCfg = Debug|Win32
		{BCBF3DF0-724D-4727-A424-2161BA1F84CE}.Debug|Win32.Build.0 = Debug|Win32
		{BCBF3DF0-724D-4727-A424-2161BA1F84CE}.Release|Win32.ActiveCfg = Release|Win32
		{BCBF3DF0-724D-4727-A424-2161BA1F84CE}.Release|Win32.Build.0 = Release|Win32
	EndGlobalSection
	GlobalSection(SolutionProperties) = preSolution
		HideSolutionNode = FALSE
	EndGlobalSection
EndGlobal
